
Microsoft Visual Studio Solution File, Format Version 12.00
# Visual Studio Version 16
VisualStudioVersion = 16.0.30907.101
MinimumVisualStudioVersion = 10.0.40219.1
Project("{8BC9CEB8-8B4A-11D0-8D11-00A0C91BC942}") = "All8QueensProblem", "All8QueensProblem\All8QueensProblem.vcxproj", "{CC06F2C2-835C-405F-BFE2-3D896D242A08}"
EndProject
Global
	GlobalSection(SolutionConfigurationPlatforms) = preSolution
		Debug|x64 = Debug|x64
		Debug|x86 = Debug|x86
		Release|x64 = Release|x64
		Release|x86 = Release|x86
	EndGlobalSection
	GlobalSection(ProjectConfigurationPlatforms) = postSolution
		{CC06F2C2-835C-405F-BFE2-3D896D242A08}.Debug|x64.ActiveCfg = Debug|x64
		{CC06F2C2-835C-405F-BFE2-3D896D242A08}.Debug|x64.Build.0 = Debug|x64
		{CC06F2C2-835C-405F-BFE2-3D896D242A08}.Debug|x86.ActiveCfg = Debug|Win32
		{CC06F2C2-835C-405F-BFE2-3D896D242A08}.Debug|x86.Build.0 = Debug|Win32
		{CC06F2C2-835C-405F-BFE2-3D896D242A08}.Release|x64.ActiveCfg = Release|x64
		{CC06F2C2-835C-405F-BFE2-3D896D242A08}.Release|x64.Build.0 = Release|x64
		{CC06F2C2-835C-405F-BFE2-3D896D242A08}.Release|x86.ActiveCfg = Release|Win32
		{CC06F2C2-835C-405F-BFE2-3D896D242A08}.Release|x86.Build.0 = Release|Win32
	EndGlobalSection
	GlobalSection(SolutionProperties) = preSolution
		HideSolutionNode = FALSE
	EndGlobalSection
	GlobalSection(ExtensibilityGlobals) = postSolution
		SolutionGuid = {F119BB94-4161-454E-8F12-A857A5D7EBB4}
	EndGlobalSection
EndGlobal
